
Microsoft Visual Studio Solution File, Format Version 11.00
# Visual Studio 2010
Project("{8BC9CEB8-8B4A-11D0-8D11-00A0C91BC942}") = "problem1.1", "problem1.1\problem1.1.vcxproj", "{D0CB96C2-5C18-4FBC-B323-7A69B0FE6E2D}"
EndProject
Project("{8BC9CEB8-8B4A-11D0-8D11-00A0C91BC942}") = "problem1.2", "problem1.2\problem1.2.vcxproj", "{4F6FF58B-66B0-4CC5-B6A2-3C1BC2A550B1}"
EndProject
Project("{8BC9CEB8-8B4A-11D0-8D11-00A0C91BC942}") = "problem1.3", "problem1.3\problem1.3.vcxproj", "{D65A47F0-38DC-4B47-B916-84314C042726}"
EndProject
Project("{89ABCDEF-0000-0000-0000-000000000003}") = "problem1.4", "problem1.4\problem1.4.vcxproj", "{89ABCDEF-0000-0000-0000-000000000003}"
EndProject
Project("{89ABCDEF-0000-0000-0000-000000000005}") = "problem2.1", "problem2.1\problem2.1.vcxproj", "{89ABCDEF-0000-0000-0000-000000000005}"
EndProject
Project("{89ABCDEF-0000-0000-0000-000000000006}") = "problem3.1", "problem3.1\problem3.1.vcxproj", "{89ABCDEF-0000-0000-0000-000000000006}"
EndProject
Project("{89ABCDEF-0000-0000-0000-000000000007}") = "problem4.1", "problem4.1\problem4.1.vcxproj", "{89ABCDEF-0000-0000-0000-000000000007}"
EndProject
Project("{89ABCDEF-0000-0000-0000-000000000008}") = "problem4.2", "problem4.2\problem4.2.vcxproj", "{89ABCDEF-0000-0000-0000-000000000008}"
EndProject

Global
	GlobalSection(SolutionConfigurationPlatforms) = preSolution
		Debug|Win32 = Debug|Win32
		Release|Win32 = Release|Win32
	EndGlobalSection
	GlobalSection(ProjectConfigurationPlatforms) = postSolution
		{D0CB96C2-5C18-4FBC-B323-7A69B0FE6E2D}.Debug|Win32.ActiveCfg = Debug|Win32
		{D0CB96C2-5C18-4FBC-B323-7A69B0FE6E2D}.Debug|Win32.Build.0 = Debug|Win32
		{D0CB96C2-5C18-4FBC-B323-7A69B0FE6E2D}.Release|Win32.ActiveCfg = Release|Win32
		{D0CB96C2-5C18-4FBC-B323-7A69B0FE6E2D}.Release|Win32.Build.0 = Release|Win32
		{4F6FF58B-66B0-4CC5-B6A2-3C1BC2A550B1}.Debug|Win32.ActiveCfg = Debug|Win32
		{4F6FF58B-66B0-4CC5-B6A2-3C1BC2A550B1}.Debug|Win32.Build.0 = Debug|Win32
		{4F6FF58B-66B0-4CC5-B6A2-3C1BC2A550B1}.Release|Win32.ActiveCfg = Release|Win32
		{4F6FF58B-66B0-4CC5-B6A2-3C1BC2A550B1}.Release|Win32.Build.0 = Release|Win32
		{D65A47F0-38DC-4B47-B916-84314C042726}.Debug|Win32.ActiveCfg = Debug|Win32
		{D65A47F0-38DC-4B47-B916-84314C042726}.Debug|Win32.Build.0 = Debug|Win32
		{D65A47F0-38DC-4B47-B916-84314C042726}.Release|Win32.ActiveCfg = Release|Win32
		{D65A47F0-38DC-4B47-B916-84314C042726}.Release|Win32.Build.0 = Release|Win32
		{89ABCDEF-0000-0000-0000-000000000003}.Debug|Win32.ActiveCfg = Debug|Win32
		{89ABCDEF-0000-0000-0000-000000000003}.Debug|Win32.Build.0 = Debug|Win32
		{89ABCDEF-0000-0000-0000-000000000003}.Release|Win32.ActiveCfg = Release|Win32
		{89ABCDEF-0000-0000-0000-000000000003}.Release|Win32.Build.0 = Release|Win32
		{89ABCDEF-0000-0000-0000-000000000005}.Debug|Win32.ActiveCfg = Debug|Win32
		{89ABCDEF-0000-0000-0000-000000000005}.Debug|Win32.Build.0 = Debug|Win32
		{89ABCDEF-0000-0000-0000-000000000005}.Release|Win32.ActiveCfg = Release|Win32
		{89ABCDEF-0000-0000-0000-000000000005}.Release|Win32.Build.0 = Release|Win32
		{89ABCDEF-0000-0000-0000-000000000006}.Debug|Win32.ActiveCfg = Debug|Win32
		{89ABCDEF-0000-0000-0000-000000000006}.Debug|Win32.Build.0 = Debug|Win32
		{89ABCDEF-0000-0000-0000-000000000006}.Release|Win32.ActiveCfg = Release|Win32
		{89ABCDEF-0000-0000-0000-000000000006}.Release|Win32.Build.0 = Release|Win32
		{89ABCDEF-0000-0000-0000-000000000007}.Debug|Win32.ActiveCfg = Debug|Win32
		{89ABCDEF-0000-0000-0000-000000000007}.Debug|Win32.Build.0 = Debug|Win32
		{89ABCDEF-0000-0000-0000-000000000007}.Release|Win32.ActiveCfg = Release|Win32
		{89ABCDEF-0000-0000-0000-000000000007}.Release|Win32.Build.0 = Release|Win32
		{89ABCDEF-0000-0000-0000-000000000008}.Debug|Win32.ActiveCfg = Debug|Win32
		{89ABCDEF-0000-0000-0000-000000000008}.Debug|Win32.Build.0 = Debug|Win32
		{89ABCDEF-0000-0000-0000-000000000008}.Release|Win32.ActiveCfg = Release|Win32
		{89ABCDEF-0000-0000-0000-000000000008}.Release|Win32.Build.0 = Release|Win32
	EndGlobalSection
	GlobalSection(SolutionProperties) = preSolution
		HideSolutionNode = FALSE
	EndGlobalSection
EndGlobal
